// !$*UTF8*$!
{
	archiveVersion = 1;
	classes = {
	};
	objectVersion = 45;
	objects = {

/* Begin PBXBuildFile section */
		701E9219120134B800653784 /* cSubpopulation.cc in Sources */ = {isa = PBXBuildFile; fileRef = 701E9218120134B800653784 /* cSubpopulation.cc */; };
		701E92841201406800653784 /* libboost_program_options-mt.a in Frameworks */ = {isa = PBXBuildFile; fileRef = 701E92831201406800653784 /* libboost_program_options-mt.a */; };
		70307F1D11F7E39E00BEFD1F /* main.cpp in Sources */ = {isa = PBXBuildFile; fileRef = 70307F1C11F7E39E00BEFD1F /* main.cpp */; };
		70684A92120A007300BE96CA /* cPopulation.cc in Sources */ = {isa = PBXBuildFile; fileRef = 70684A90120A007300BE96CA /* cPopulation.cc */; };
		8DD76F6A0486A84900D96B5E /* popsim.1 in CopyFiles */ = {isa = PBXBuildFile; fileRef = C6859E8B029090EE04C91782 /* popsim.1 */; };
		D9CD9D04132996F4006E387E /* libgsl.a in Frameworks */ = {isa = PBXBuildFile; fileRef = D9CD9D03132996F4006E387E /* libgsl.a */; };
/* End PBXBuildFile section */

/* Begin PBXCopyFilesBuildPhase section */
		8DD76F690486A84900D96B5E /* CopyFiles */ = {
			isa = PBXCopyFilesBuildPhase;
			buildActionMask = 8;
			dstPath = /usr/share/man/man1/;
			dstSubfolderSpec = 0;
			files = (
				8DD76F6A0486A84900D96B5E /* popsim.1 in CopyFiles */,
			);
			runOnlyForDeploymentPostprocessing = 1;
		};
/* End PBXCopyFilesBuildPhase section */

/* Begin PBXFileReference section */
		701E9218120134B800653784 /* cSubpopulation.cc */ = {isa = PBXFileReference; fileEncoding = 4; lastKnownFileType = sourcecode.cpp.cpp; name = cSubpopulation.cc; path = bpopsim/cSubpopulation.cc; sourceTree = "<group>"; };
		701E921A120134BD00653784 /* cSubpopulation.h */ = {isa = PBXFileReference; fileEncoding = 4; lastKnownFileType = sourcecode.c.h; name = cSubpopulation.h; path = bpopsim/cSubpopulation.h; sourceTree = "<group>"; };
		701E92831201406800653784 /* libboost_program_options-mt.a */ = {isa = PBXFileReference; lastKnownFileType = archive.ar; name = "libboost_program_options-mt.a"; path = "/opt/local/lib/libboost_program_options-mt.a"; sourceTree = "<absolute>"; };
		70307F1C11F7E39E00BEFD1F /* main.cpp */ = {isa = PBXFileReference; fileEncoding = 4; lastKnownFileType = sourcecode.cpp.cpp; name = main.cpp; path = bpopsim/main.cpp; sourceTree = "<group>"; };
		70684A90120A007300BE96CA /* cPopulation.cc */ = {isa = PBXFileReference; fileEncoding = 4; lastKnownFileType = sourcecode.cpp.cpp; name = cPopulation.cc; path = bpopsim/cPopulation.cc; sourceTree = "<group>"; wrapsLines = 0; };
		70684A91120A007300BE96CA /* cPopulation.h */ = {isa = PBXFileReference; fileEncoding = 4; lastKnownFileType = sourcecode.c.h; name = cPopulation.h; path = bpopsim/cPopulation.h; sourceTree = "<group>"; };
		8DD76F6C0486A84900D96B5E /* popsim */ = {isa = PBXFileReference; explicitFileType = "compiled.mach-o.executable"; includeInIndex = 0; path = popsim; sourceTree = BUILT_PRODUCTS_DIR; };
		C6859E8B029090EE04C91782 /* popsim.1 */ = {isa = PBXFileReference; lastKnownFileType = text.man; path = popsim.1; sourceTree = "<group>"; };
		D952741B132EE0CB009223FC /* tree.hh */ = {isa = PBXFileReference; fileEncoding = 4; lastKnownFileType = sourcecode.cpp.h; name = tree.hh; path = bpopsim/tree.hh; sourceTree = "<group>"; };
		D952741C132EE0D4009223FC /* tree_util.hh */ = {isa = PBXFileReference; fileEncoding = 4; lastKnownFileType = sourcecode.cpp.h; name = tree_util.hh; path = bpopsim/tree_util.hh; sourceTree = "<group>"; };
		D9CD9D03132996F4006E387E /* libgsl.a */ = {isa = PBXFileReference; lastKnownFileType = archive.ar; name = libgsl.a; path = /opt/local/lib/libgsl.a; sourceTree = "<absolute>"; };
/* End PBXFileReference section */

/* Begin PBXFrameworksBuildPhase section */
		8DD76F660486A84900D96B5E /* Frameworks */ = {
			isa = PBXFrameworksBuildPhase;
			buildActionMask = 2147483647;
			files = (
				701E92841201406800653784 /* libboost_program_options-mt.a in Frameworks */,
				D9CD9D04132996F4006E387E /* libgsl.a in Frameworks */,
			);
			runOnlyForDeploymentPostprocessing = 0;
		};
/* End PBXFrameworksBuildPhase section */

/* Begin PBXGroup section */
		08FB7794FE84155DC02AAC07 /* popsim */ = {
			isa = PBXGroup;
			children = (
				70307F1911F7E37900BEFD1F /* bpopsim */,
				C6859E8C029090F304C91782 /* Documentation */,
				1AB674ADFE9D54B511CA2CBB /* Products */,
			);
			name = popsim;
			sourceTree = "<group>";
		};
		1AB674ADFE9D54B511CA2CBB /* Products */ = {
			isa = PBXGroup;
			children = (
				8DD76F6C0486A84900D96B5E /* popsim */,
			);
			name = Products;
			sourceTree = "<group>";
		};
		701E927E12013FFF00653784 /* lib */ = {
			isa = PBXGroup;
			children = (
				D9CD9D03132996F4006E387E /* libgsl.a */,
				701E92831201406800653784 /* libboost_program_options-mt.a */,
			);
			name = lib;
			sourceTree = "<group>";
		};
		70307F0B11F7E2B500BEFD1F /* include */ = {
			isa = PBXGroup;
			children = (
				D952741C132EE0D4009223FC /* tree_util.hh */,
				D952741B132EE0CB009223FC /* tree.hh */,
				70684A91120A007300BE96CA /* cPopulation.h */,
				701E921A120134BD00653784 /* cSubpopulation.h */,
			);
			name = include;
			sourceTree = "<group>";
		};
		70307F1911F7E37900BEFD1F /* bpopsim */ = {
			isa = PBXGroup;
			children = (
				701E927E12013FFF00653784 /* lib */,
				70D4DBC61200EB360055362E /* src */,
				70307F0B11F7E2B500BEFD1F /* include */,
			);
			name = bpopsim;
			sourceTree = "<group>";
		};
		70D4DBC61200EB360055362E /* src */ = {
			isa = PBXGroup;
			children = (
				70307F1C11F7E39E00BEFD1F /* main.cpp */,
				70684A90120A007300BE96CA /* cPopulation.cc */,
				701E9218120134B800653784 /* cSubpopulation.cc */,
			);
			name = src;
			sourceTree = "<group>";
		};
		C6859E8C029090F304C91782 /* Documentation */ = {
			isa = PBXGroup;
			children = (
				C6859E8B029090EE04C91782 /* popsim.1 */,
			);
			name = Documentation;
			sourceTree = "<group>";
		};
/* End PBXGroup section */

/* Begin PBXNativeTarget section */
		8DD76F620486A84900D96B5E /* popsim */ = {
			isa = PBXNativeTarget;
			buildConfigurationList = 1DEB923108733DC60010E9CD /* Build configuration list for PBXNativeTarget "popsim" */;
			buildPhases = (
				8DD76F640486A84900D96B5E /* Sources */,
				8DD76F660486A84900D96B5E /* Frameworks */,
				8DD76F690486A84900D96B5E /* CopyFiles */,
			);
			buildRules = (
			);
			dependencies = (
			);
			name = popsim;
			productInstallPath = "$(HOME)/bin";
			productName = popsim;
			productReference = 8DD76F6C0486A84900D96B5E /* popsim */;
			productType = "com.apple.product-type.tool";
		};
/* End PBXNativeTarget section */

/* Begin PBXProject section */
		08FB7793FE84155DC02AAC07 /* Project object */ = {
			isa = PBXProject;
			buildConfigurationList = 1DEB923508733DC60010E9CD /* Build configuration list for PBXProject "bpopsim" */;
			compatibilityVersion = "Xcode 3.1";
			developmentRegion = English;
			hasScannedForEncodings = 1;
			knownRegions = (
				English,
				Japanese,
				French,
				German,
			);
			mainGroup = 08FB7794FE84155DC02AAC07 /* popsim */;
			projectDirPath = "";
			projectRoot = "";
			targets = (
				8DD76F620486A84900D96B5E /* popsim */,
			);
		};
/* End PBXProject section */

/* Begin PBXSourcesBuildPhase section */
		8DD76F640486A84900D96B5E /* Sources */ = {
			isa = PBXSourcesBuildPhase;
			buildActionMask = 2147483647;
			files = (
				70307F1D11F7E39E00BEFD1F /* main.cpp in Sources */,
				701E9219120134B800653784 /* cSubpopulation.cc in Sources */,
				70684A92120A007300BE96CA /* cPopulation.cc in Sources */,
			);
			runOnlyForDeploymentPostprocessing = 0;
		};
/* End PBXSourcesBuildPhase section */

/* Begin XCBuildConfiguration section */
		1DEB923208733DC60010E9CD /* Debug */ = {
			isa = XCBuildConfiguration;
			buildSettings = {
				ALWAYS_SEARCH_USER_PATHS = NO;
				COPY_PHASE_STRIP = NO;
				GCC_DYNAMIC_NO_PIC = NO;
				GCC_ENABLE_FIX_AND_CONTINUE = YES;
				GCC_MODEL_TUNING = G5;
				GCC_OPTIMIZATION_LEVEL = 0;
				HEADER_SEARCH_PATHS = /opt/local/include;
				INSTALL_PATH = /usr/local/bin;
				LIBRARY_SEARCH_PATHS = (
					"$(inherited)",
					/opt/local/lib,
					"\"$(SRCROOT)\"",
				);
				PRODUCT_NAME = popsim;
			};
			name = Debug;
		};
		1DEB923308733DC60010E9CD /* Release */ = {
			isa = XCBuildConfiguration;
			buildSettings = {
				ALWAYS_SEARCH_USER_PATHS = NO;
				DEBUG_INFORMATION_FORMAT = "dwarf-with-dsym";
				GCC_MODEL_TUNING = G5;
				INSTALL_PATH = /usr/local/bin;
				LIBRARY_SEARCH_PATHS = (
					"$(inherited)",
					/opt/local/lib,
					"\"$(SRCROOT)\"",
				);
				PRODUCT_NAME = popsim;
			};
			name = Release;
		};
		1DEB923608733DC60010E9CD /* Debug */ = {
			isa = XCBuildConfiguration;
			buildSettings = {
				ARCHS = "$(ARCHS_STANDARD_32_64_BIT)";
				GCC_C_LANGUAGE_STANDARD = gnu99;
				GCC_OPTIMIZATION_LEVEL = 0;
				GCC_WARN_ABOUT_RETURN_TYPE = YES;
				GCC_WARN_UNUSED_VARIABLE = YES;
				HEADER_SEARCH_PATHS = /usr/local/include;
				LINK_WITH_STANDARD_LIBRARIES = YES;
				ONLY_ACTIVE_ARCH = YES;
				PREBINDING = NO;
				SDKROOT = macosx10.6;
				USER_HEADER_SEARCH_PATHS = bpopsim;
			};
			name = Debug;
		};
		1DEB923708733DC60010E9CD /* Release */ = {
			isa = XCBuildConfiguration;
			buildSettings = {
				ARCHS = "$(ARCHS_STANDARD_32_64_BIT)";
				GCC_C_LANGUAGE_STANDARD = gnu99;
				GCC_WARN_ABOUT_RETURN_TYPE = YES;
				GCC_WARN_UNUSED_VARIABLE = YES;
				HEADER_SEARCH_PATHS = /usr/local/include;
				LINK_WITH_STANDARD_LIBRARIES = YES;
				ONLY_ACTIVE_ARCH = YES;
				PREBINDING = NO;
				SDKROOT = macosx10.6;
				USER_HEADER_SEARCH_PATHS = bpopsim;
			};
			name = Release;
		};
/* End XCBuildConfiguration section */

/* Begin XCConfigurationList section */
		1DEB923108733DC60010E9CD /* Build configuration list for PBXNativeTarget "popsim" */ = {
			isa = XCConfigurationList;
			buildConfigurations = (
				1DEB923208733DC60010E9CD /* Debug */,
				1DEB923308733DC60010E9CD /* Release */,
			);
			defaultConfigurationIsVisible = 0;
			defaultConfigurationName = Release;
		};
		1DEB923508733DC60010E9CD /* Build configuration list for PBXProject "bpopsim" */ = {
			isa = XCConfigurationList;
			buildConfigurations = (
				1DEB923608733DC60010E9CD /* Debug */,
				1DEB923708733DC60010E9CD /* Release */,
			);
			defaultConfigurationIsVisible = 0;
			defaultConfigurationName = Release;
		};
/* End XCConfigurationList section */
	};
	rootObject = 08FB7793FE84155DC02AAC07 /* Project object */;
}
